
Microsoft Visual Studio Solution File, Format Version 12.00
# Visual Studio 15
VisualStudioVersion = 15.0.26206.0
MinimumVisualStudioVersion = 10.0.40219.1
Project("{FAE04EC0-301F-11D3-BF4B-00C04F79EFBC}") = "AnalyzaRozvrhu", "AnalyzaRozvrhu\AnalyzaRozvrhu.csproj", "{225CB5F1-AED6-43EC-B1B8-35915D3FD049}"
	ProjectSection(ProjectDependencies) = postProject
		{C9134357-8CC2-45A5-BCCA-342F9CDCF4AA} = {C9134357-8CC2-45A5-BCCA-342F9CDCF4AA}
	EndProjectSection
EndProject
Project("{FAE04EC0-301F-11D3-BF4B-00C04F79EFBC}") = "StagRestLib", "..\stagtimetablerest-master\StagRestLib\StagRestLib.csproj", "{C9134357-8CC2-45A5-BCCA-342F9CDCF4AA}"
EndProject
Project("{2150E333-8FDC-42A3-9474-1A3956D46DE8}") = "Solution Items", "Solution Items", "{CCFC03E7-8735-4CD6-9F64-0C275E249BCE}"
	ProjectSection(SolutionItems) = preProject
		TODOs.txt = TODOs.txt
	EndProjectSection
EndProject
Global
	GlobalSection(SolutionConfigurationPlatforms) = preSolution
		Debug|Any CPU = Debug|Any CPU
		Release|Any CPU = Release|Any CPU
	EndGlobalSection
	GlobalSection(ProjectConfigurationPlatforms) = postSolution
		{225CB5F1-AED6-43EC-B1B8-35915D3FD049}.Debug|Any CPU.ActiveCfg = Debug|Any CPU
		{225CB5F1-AED6-43EC-B1B8-35915D3FD049}.Debug|Any CPU.Build.0 = Debug|Any CPU
		{225CB5F1-AED6-43EC-B1B8-35915D3FD049}.Release|Any CPU.ActiveCfg = Release|Any CPU
		{225CB5F1-AED6-43EC-B1B8-35915D3FD049}.Release|Any CPU.Build.0 = Release|Any CPU
		{C9134357-8CC2-45A5-BCCA-342F9CDCF4AA}.Debug|Any CPU.ActiveCfg = Debug|Any CPU
		{C9134357-8CC2-45A5-BCCA-342F9CDCF4AA}.Debug|Any CPU.Build.0 = Debug|Any CPU
		{C9134357-8CC2-45A5-BCCA-342F9CDCF4AA}.Release|Any CPU.ActiveCfg = Release|Any CPU
		{C9134357-8CC2-45A5-BCCA-342F9CDCF4AA}.Release|Any CPU.Build.0 = Release|Any CPU
	EndGlobalSection
	GlobalSection(SolutionProperties) = preSolution
		HideSolutionNode = FALSE
	EndGlobalSection
EndGlobal
